
Microsoft Visual Studio Solution File, Format Version 12.00
# Visual Studio Version 17
VisualStudioVersion = 17.14.36930.0 d17.14
MinimumVisualStudioVersion = 10.0.40219.1
Project("{FAE04EC0-301F-11D3-BF4B-00C04F79EFBC}") = "Domain", "Domain\Domain.csproj", "{4414AC5D-2A68-44A9-83DC-CC0FBDABD728}"
EndProject
Project("{FAE04EC0-301F-11D3-BF4B-00C04F79EFBC}") = "Infra", "Infra\Infra.csproj", "{68A84A5E-2AF1-4171-8AA9-11CC46606732}"
EndProject
Project("{FAE04EC0-301F-11D3-BF4B-00C04F79EFBC}") = "App", "App\App.csproj", "{B0286713-EA8A-4ADE-A805-B1467072811A}"
EndProject
Project("{FAE04EC0-301F-11D3-BF4B-00C04F79EFBC}") = "API", "API\API.csproj", "{639191A1-3298-430B-86B1-980C0BC3EC37}"
EndProject
Global
	GlobalSection(SolutionConfigurationPlatforms) = preSolution
		Debug|Any CPU = Debug|Any CPU
		Release|Any CPU = Release|Any CPU
	EndGlobalSection
	GlobalSection(ProjectConfigurationPlatforms) = postSolution
		{4414AC5D-2A68-44A9-83DC-CC0FBDABD728}.Debug|Any CPU.ActiveCfg = Debug|Any CPU
		{4414AC5D-2A68-44A9-83DC-CC0FBDABD728}.Debug|Any CPU.Build.0 = Debug|Any CPU
		{4414AC5D-2A68-44A9-83DC-CC0FBDABD728}.Release|Any CPU.ActiveCfg = Release|Any CPU
		{4414AC5D-2A68-44A9-83DC-CC0FBDABD728}.Release|Any CPU.Build.0 = Release|Any CPU
		{68A84A5E-2AF1-4171-8AA9-11CC46606732}.Debug|Any CPU.ActiveCfg = Debug|Any CPU
		{68A84A5E-2AF1-4171-8AA9-11CC46606732}.Debug|Any CPU.Build.0 = Debug|Any CPU
		{68A84A5E-2AF1-4171-8AA9-11CC46606732}.Release|Any CPU.ActiveCfg = Release|Any CPU
		{68A84A5E-2AF1-4171-8AA9-11CC46606732}.Release|Any CPU.Build.0 = Release|Any CPU
		{B0286713-EA8A-4ADE-A805-B1467072811A}.Debug|Any CPU.ActiveCfg = Debug|Any CPU
		{B0286713-EA8A-4ADE-A805-B1467072811A}.Debug|Any CPU.Build.0 = Debug|Any CPU
		{B0286713-EA8A-4ADE-A805-B1467072811A}.Release|Any CPU.ActiveCfg = Release|Any CPU
		{B0286713-EA8A-4ADE-A805-B1467072811A}.Release|Any CPU.Build.0 = Release|Any CPU
		{639191A1-3298-430B-86B1-980C0BC3EC37}.Debug|Any CPU.ActiveCfg = Debug|Any CPU
		{639191A1-3298-430B-86B1-980C0BC3EC37}.Debug|Any CPU.Build.0 = Debug|Any CPU
		{639191A1-3298-430B-86B1-980C0BC3EC37}.Release|Any CPU.ActiveCfg = Release|Any CPU
		{639191A1-3298-430B-86B1-980C0BC3EC37}.Release|Any CPU.Build.0 = Release|Any CPU
	EndGlobalSection
	GlobalSection(SolutionProperties) = preSolution
		HideSolutionNode = FALSE
	EndGlobalSection
	GlobalSection(ExtensibilityGlobals) = postSolution
		SolutionGuid = {15A03A3B-785A-46EB-BB73-FE23083A5CEE}
	EndGlobalSection
EndGlobal
